// !$*UTF8*$!
{
	archiveVersion = 1;
	classes = {
	};
	objectVersion = 46;
	objects = {

/* Begin PBXBuildFile section */
		C1FE52F61C5E327900604036 /* AppDelegate.swift in Sources */ = {isa = PBXBuildFile; fileRef = C1FE52F51C5E327900604036 /* AppDelegate.swift */; };
		C1FE52F81C5E327900604036 /* ViewController.swift in Sources */ = {isa = PBXBuildFile; fileRef = C1FE52F71C5E327900604036 /* ViewController.swift */; };
		C1FE52FB1C5E327900604036 /* Main.storyboard in Resources */ = {isa = PBXBuildFile; fileRef = C1FE52F91C5E327900604036 /* Main.storyboard */; };
		C1FE52FD1C5E327900604036 /* Assets.xcassets in Resources */ = {isa = PBXBuildFile; fileRef = C1FE52FC1C5E327900604036 /* Assets.xcassets */; };
		C1FE53001C5E327900604036 /* LaunchScreen.storyboard in Resources */ = {isa = PBXBuildFile; fileRef = C1FE52FE1C5E327900604036 /* LaunchScreen.storyboard */; };
		C1FE530B1C5E327900604036 /* BMITests.swift in Sources */ = {isa = PBXBuildFile; fileRef = C1FE530A1C5E327900604036 /* BMITests.swift */; };
		C1FE53161C5E327900604036 /* BMIUITests.swift in Sources */ = {isa = PBXBuildFile; fileRef = C1FE53151C5E327900604036 /* BMIUITests.swift */; };
/* End PBXBuildFile section */

/* Begin PBXContainerItemProxy section */
		C1FE53071C5E327900604036 /* PBXContainerItemProxy */ = {
			isa = PBXContainerItemProxy;
			containerPortal = C1FE52EA1C5E327900604036 /* Project object */;
			proxyType = 1;
			remoteGlobalIDString = C1FE52F11C5E327900604036;
			remoteInfo = BMI;
		};
		C1FE53121C5E327900604036 /* PBXContainerItemProxy */ = {
			isa = PBXContainerItemProxy;
			containerPortal = C1FE52EA1C5E327900604036 /* Project object */;
			proxyType = 1;
			remoteGlobalIDString = C1FE52F11C5E327900604036;
			remoteInfo = BMI;
		};
/* End PBXContainerItemProxy section */

/* Begin PBXFileReference section */
		C1FE52F21C5E327900604036 /* BMI.app */ = {isa = PBXFileReference; explicitFileType = wrapper.application; includeInIndex = 0; path = BMI.app; sourceTree = BUILT_PRODUCTS_DIR; };
		C1FE52F51C5E327900604036 /* AppDelegate.swift */ = {isa = PBXFileReference; lastKnownFileType = sourcecode.swift; path = AppDelegate.swift; sourceTree = "<group>"; };
		C1FE52F71C5E327900604036 /* ViewController.swift */ = {isa = PBXFileReference; lastKnownFileType = sourcecode.swift; path = ViewController.swift; sourceTree = "<group>"; };
		C1FE52FA1C5E327900604036 /* Base */ = {isa = PBXFileReference; lastKnownFileType = file.storyboard; name = Base; path = Base.lproj/Main.storyboard; sourceTree = "<group>"; };
		C1FE52FC1C5E327900604036 /* Assets.xcassets */ = {isa = PBXFileReference; lastKnownFileType = folder.assetcatalog; path = Assets.xcassets; sourceTree = "<group>"; };
		C1FE52FF1C5E327900604036 /* Base */ = {isa = PBXFileReference; lastKnownFileType = file.storyboard; name = Base; path = Base.lproj/LaunchScreen.storyboard; sourceTree = "<group>"; };
		C1FE53011C5E327900604036 /* Info.plist */ = {isa = PBXFileReference; lastKnownFileType = text.plist.xml; path = Info.plist; sourceTree = "<group>"; };
		C1FE53061C5E327900604036 /* BMITests.xctest */ = {isa = PBXFileReference; explicitFileType = wrapper.cfbundle; includeInIndex = 0; path = BMITests.xctest; sourceTree = BUILT_PRODUCTS_DIR; };
		C1FE530A1C5E327900604036 /* BMITests.swift */ = {isa = PBXFileReference; lastKnownFileType = sourcecode.swift; path = BMITests.swift; sourceTree = "<group>"; };
		C1FE530C1C5E327900604036 /* Info.plist */ = {isa = PBXFileReference; lastKnownFileType = text.plist.xml; path = Info.plist; sourceTree = "<group>"; };
		C1FE53111C5E327900604036 /* BMIUITests.xctest */ = {isa = PBXFileReference; explicitFileType = wrapper.cfbundle; includeInIndex = 0; path = BMIUITests.xctest; sourceTree = BUILT_PRODUCTS_DIR; };
		C1FE53151C5E327900604036 /* BMIUITests.swift */ = {isa = PBXFileReference; lastKnownFileType = sourcecode.swift; path = BMIUITests.swift; sourceTree = "<group>"; };
		C1FE53171C5E327900604036 /* Info.plist */ = {isa = PBXFileReference; lastKnownFileType = text.plist.xml; path = Info.plist; sourceTree = "<group>"; };
/* End PBXFileReference section */

/* Begin PBXFrameworksBuildPhase section */
		C1FE52EF1C5E327900604036 /* Frameworks */ = {
			isa = PBXFrameworksBuildPhase;
			buildActionMask = 2147483647;
			files = (
			);
			runOnlyForDeploymentPostprocessing = 0;
		};
		C1FE53031C5E327900604036 /* Frameworks */ = {
			isa = PBXFrameworksBuildPhase;
			buildActionMask = 2147483647;
			files = (
			);
			runOnlyForDeploymentPostprocessing = 0;
		};
		C1FE530E1C5E327900604036 /* Frameworks */ = {
			isa = PBXFrameworksBuildPhase;
			buildActionMask = 2147483647;
			files = (
			);
			runOnlyForDeploymentPostprocessing = 0;
		};
/* End PBXFrameworksBuildPhase section */

/* Begin PBXGroup section */
		C1FE52E91C5E327900604036 = {
			isa = PBXGroup;
			children = (
				C1FE52F41C5E327900604036 /* BMI */,
				C1FE53091C5E327900604036 /* BMITests */,
				C1FE53141C5E327900604036 /* BMIUITests */,
				C1FE52F31C5E327900604036 /* Products */,
			);
			sourceTree = "<group>";
		};
		C1FE52F31C5E327900604036 /* Products */ = {
			isa = PBXGroup;
			children = (
				C1FE52F21C5E327900604036 /* BMI.app */,
				C1FE53061C5E327900604036 /* BMITests.xctest */,
				C1FE53111C5E327900604036 /* BMIUITests.xctest */,
			);
			name = Products;
			sourceTree = "<group>";
		};
		C1FE52F41C5E327900604036 /* BMI */ = {
			isa = PBXGroup;
			children = (
				C1FE52F51C5E327900604036 /* AppDelegate.swift */,
				C1FE52F71C5E327900604036 /* ViewController.swift */,
				C1FE52F91C5E327900604036 /* Main.storyboard */,
				C1FE52FC1C5E327900604036 /* Assets.xcassets */,
				C1FE52FE1C5E327900604036 /* LaunchScreen.storyboard */,
				C1FE53011C5E327900604036 /* Info.plist */,
			);
			path = BMI;
			sourceTree = "<group>";
		};
		C1FE53091C5E327900604036 /* BMITests */ = {
			isa = PBXGroup;
			children = (
				C1FE530A1C5E327900604036 /* BMITests.swift */,
				C1FE530C1C5E327900604036 /* Info.plist */,
			);
			path = BMITests;
			sourceTree = "<group>";
		};
		C1FE53141C5E327900604036 /* BMIUITests */ = {
			isa = PBXGroup;
			children = (
				C1FE53151C5E327900604036 /* BMIUITests.swift */,
				C1FE53171C5E327900604036 /* Info.plist */,
			);
			path = BMIUITests;
			sourceTree = "<group>";
		};
/* End PBXGroup section */

/* Begin PBXNativeTarget section */
		C1FE52F11C5E327900604036 /* BMI */ = {
			isa = PBXNativeTarget;
			buildConfigurationList = C1FE531A1C5E327900604036 /* Build configuration list for PBXNativeTarget "BMI" */;
			buildPhases = (
				C1FE52EE1C5E327900604036 /* Sources */,
				C1FE52EF1C5E327900604036 /* Frameworks */,
				C1FE52F01C5E327900604036 /* Resources */,
			);
			buildRules = (
			);
			dependencies = (
			);
			name = BMI;
			productName = BMI;
			productReference = C1FE52F21C5E327900604036 /* BMI.app */;
			productType = "com.apple.product-type.application";
		};
		C1FE53051C5E327900604036 /* BMITests */ = {
			isa = PBXNativeTarget;
			buildConfigurationList = C1FE531D1C5E327900604036 /* Build configuration list for PBXNativeTarget "BMITests" */;
			buildPhases = (
				C1FE53021C5E327900604036 /* Sources */,
				C1FE53031C5E327900604036 /* Frameworks */,
				C1FE53041C5E327900604036 /* Resources */,
			);
			buildRules = (
			);
			dependencies = (
				C1FE53081C5E327900604036 /* PBXTargetDependency */,
			);
			name = BMITests;
			productName = BMITests;
			productReference = C1FE53061C5E327900604036 /* BMITests.xctest */;
			productType = "com.apple.product-type.bundle.unit-test";
		};
		C1FE53101C5E327900604036 /* BMIUITests */ = {
			isa = PBXNativeTarget;
			buildConfigurationList = C1FE53201C5E327900604036 /* Build configuration list for PBXNativeTarget "BMIUITests" */;
			buildPhases = (
				C1FE530D1C5E327900604036 /* Sources */,
				C1FE530E1C5E327900604036 /* Frameworks */,
				C1FE530F1C5E327900604036 /* Resources */,
			);
			buildRules = (
			);
			dependencies = (
				C1FE53131C5E327900604036 /* PBXTargetDependency */,
			);
			name = BMIUITests;
			productName = BMIUITests;
			productReference = C1FE53111C5E327900604036 /* BMIUITests.xctest */;
			productType = "com.apple.product-type.bundle.ui-testing";
		};
/* End PBXNativeTarget section */

/* Begin PBXProject section */
		C1FE52EA1C5E327900604036 /* Project object */ = {
			isa = PBXProject;
			attributes = {
				LastSwiftUpdateCheck = 0720;
				LastUpgradeCheck = 0720;
				ORGANIZATIONNAME = "Neil Houselander";
				TargetAttributes = {
					C1FE52F11C5E327900604036 = {
						CreatedOnToolsVersion = 7.2;
						DevelopmentTeam = FTM8P5BLUZ;
					};
					C1FE53051C5E327900604036 = {
						CreatedOnToolsVersion = 7.2;
						DevelopmentTeam = FTM8P5BLUZ;
						TestTargetID = C1FE52F11C5E327900604036;
					};
					C1FE53101C5E327900604036 = {
						CreatedOnToolsVersion = 7.2;
						DevelopmentTeam = FTM8P5BLUZ;
						TestTargetID = C1FE52F11C5E327900604036;
					};
				};
			};
			buildConfigurationList = C1FE52ED1C5E327900604036 /* Build configuration list for PBXProject "BMI" */;
			compatibilityVersion = "Xcode 3.2";
			developmentRegion = English;
			hasScannedForEncodings = 0;
			knownRegions = (
				en,
				Base,
			);
			mainGroup = C1FE52E91C5E327900604036;
			productRefGroup = C1FE52F31C5E327900604036 /* Products */;
			projectDirPath = "";
			projectRoot = "";
			targets = (
				C1FE52F11C5E327900604036 /* BMI */,
				C1FE53051C5E327900604036 /* BMITests */,
				C1FE53101C5E327900604036 /* BMIUITests */,
			);
		};
/* End PBXProject section */

/* Begin PBXResourcesBuildPhase section */
		C1FE52F01C5E327900604036 /* Resources */ = {
			isa = PBXResourcesBuildPhase;
			buildActionMask = 2147483647;
			files = (
				C1FE53001C5E327900604036 /* LaunchScreen.storyboard in Resources */,
				C1FE52FD1C5E327900604036 /* Assets.xcassets in Resources */,
				C1FE52FB1C5E327900604036 /* Main.storyboard in Resources */,
			);
			runOnlyForDeploymentPostprocessing = 0;
		};
		C1FE53041C5E327900604036 /* Resources */ = {
			isa = PBXResourcesBuildPhase;
			buildActionMask = 2147483647;
			files = (
			);
			runOnlyForDeploymentPostprocessing = 0;
		};
		C1FE530F1C5E327900604036 /* Resources */ = {
			isa = PBXResourcesBuildPhase;
			buildActionMask = 2147483647;
			files = (
			);
			runOnlyForDeploymentPostprocessing = 0;
		};
/* End PBXResourcesBuildPhase section */

/* Begin PBXSourcesBuildPhase section */
		C1FE52EE1C5E327900604036 /* Sources */ = {
			isa = PBXSourcesBuildPhase;
			buildActionMask = 2147483647;
			files = (
				C1FE52F81C5E327900604036 /* ViewController.swift in Sources */,
				C1FE52F61C5E327900604036 /* AppDelegate.swift in Sources */,
			);
			runOnlyForDeploymentPostprocessing = 0;
		};
		C1FE53021C5E327900604036 /* Sources */ = {
			isa = PBXSourcesBuildPhase;
			buildActionMask = 2147483647;
			files = (
				C1FE530B1C5E327900604036 /* BMITests.swift in Sources */,
			);
			runOnlyForDeploymentPostprocessing = 0;
		};
		C1FE530D1C5E327900604036 /* Sources */ = {
			isa = PBXSourcesBuildPhase;
			buildActionMask = 2147483647;
			files = (
				C1FE53161C5E327900604036 /* BMIUITests.swift in Sources */,
			);
			runOnlyForDeploymentPostprocessing = 0;
		};
/* End PBXSourcesBuildPhase section */

/* Begin PBXTargetDependency section */
		C1FE53081C5E327900604036 /* PBXTargetDependency */ = {
			isa = PBXTargetDependency;
			target = C1FE52F11C5E327900604036 /* BMI */;
			targetProxy = C1FE53071C5E327900604036 /* PBXContainerItemProxy */;
		};
		C1FE53131C5E327900604036 /* PBXTargetDependency */ = {
			isa = PBXTargetDependency;
			target = C1FE52F11C5E327900604036 /* BMI */;
			targetProxy = C1FE53121C5E327900604036 /* PBXContainerItemProxy */;
		};
/* End PBXTargetDependency section */

/* Begin PBXVariantGroup section */
		C1FE52F91C5E327900604036 /* Main.storyboard */ = {
			isa = PBXVariantGroup;
			children = (
				C1FE52FA1C5E327900604036 /* Base */,
			);
			name = Main.storyboard;
			sourceTree = "<group>";
		};
		C1FE52FE1C5E327900604036 /* LaunchScreen.storyboard */ = {
			isa = PBXVariantGroup;
			children = (
				C1FE52FF1C5E327900604036 /* Base */,
			);
			name = LaunchScreen.storyboard;
			sourceTree = "<group>";
		};
/* End PBXVariantGroup section */

/* Begin XCBuildConfiguration section */
		C1FE53181C5E327900604036 /* Debug */ = {
			isa = XCBuildConfiguration;
			buildSettings = {
				ALWAYS_SEARCH_USER_PATHS = NO;
				CLANG_CXX_LANGUAGE_STANDARD = "gnu++0x";
				CLANG_CXX_LIBRARY = "libc++";
				CLANG_ENABLE_MODULES = YES;
				CLANG_ENABLE_OBJC_ARC = YES;
				CLANG_WARN_BOOL_CONVERSION = YES;
				CLANG_WARN_CONSTANT_CONVERSION = YES;
				CLANG_WARN_DIRECT_OBJC_ISA_USAGE = YES_ERROR;
				CLANG_WARN_EMPTY_BODY = YES;
				CLANG_WARN_ENUM_CONVERSION = YES;
				CLANG_WARN_INT_CONVERSION = YES;
				CLANG_WARN_OBJC_ROOT_CLASS = YES_ERROR;
				CLANG_WARN_UNREACHABLE_CODE = YES;
				CLANG_WARN__DUPLICATE_METHOD_MATCH = YES;
				"CODE_SIGN_IDENTITY[sdk=iphoneos*]" = "iPhone Developer";
				COPY_PHASE_STRIP = NO;
				DEBUG_INFORMATION_FORMAT = dwarf;
				ENABLE_STRICT_OBJC_MSGSEND = YES;
				ENABLE_TESTABILITY = YES;
				GCC_C_LANGUAGE_STANDARD = gnu99;
				GCC_DYNAMIC_NO_PIC = NO;
				GCC_NO_COMMON_BLOCKS = YES;
				GCC_OPTIMIZATION_LEVEL = 0;
				GCC_PREPROCESSOR_DEFINITIONS = (
					"DEBUG=1",
					"$(inherited)",
				);
				GCC_WARN_64_TO_32_BIT_CONVERSION = YES;
				GCC_WARN_ABOUT_RETURN_TYPE = YES_ERROR;
				GCC_WARN_UNDECLARED_SELECTOR = YES;
				GCC_WARN_UNINITIALIZED_AUTOS = YES_AGGRESSIVE;
				GCC_WARN_UNUSED_FUNCTION = YES;
				GCC_WARN_UNUSED_VARIABLE = YES;
				IPHONEOS_DEPLOYMENT_TARGET = 9.2;
				MTL_ENABLE_DEBUG_INFO = YES;
				ONLY_ACTIVE_ARCH = YES;
				SDKROOT = iphoneos;
				SWIFT_OPTIMIZATION_LEVEL = "-Onone";
				TARGETED_DEVICE_FAMILY = "1,2";
			};
			name = Debug;
		};
		C1FE53191C5E327900604036 /* Release */ = {
			isa = XCBuildConfiguration;
			buildSettings = {
				ALWAYS_SEARCH_USER_PATHS = NO;
				CLANG_CXX_LANGUAGE_STANDARD = "gnu++0x";
				CLANG_CXX_LIBRARY = "libc++";
				CLANG_ENABLE_MODULES = YES;
				CLANG_ENABLE_OBJC_ARC = YES;
				CLANG_WARN_BOOL_CONVERSION = YES;
				CLANG_WARN_CONSTANT_CONVERSION = YES;
				CLANG_WARN_DIRECT_OBJC_ISA_USAGE = YES_ERROR;
				CLANG_WARN_EMPTY_BODY = YES;
				CLANG_WARN_ENUM_CONVERSION = YES;
				CLANG_WARN_INT_CONVERSION = YES;
				CLANG_WARN_OBJC_ROOT_CLASS = YES_ERROR;
				CLANG_WARN_UNREACHABLE_CODE = YES;
				CLANG_WARN__DUPLICATE_METHOD_MATCH = YES;
				"CODE_SIGN_IDENTITY[sdk=iphoneos*]" = "iPhone Developer";
				COPY_PHASE_STRIP = NO;
				DEBUG_INFORMATION_FORMAT = "dwarf-with-dsym";
				ENABLE_NS_ASSERTIONS = NO;
				ENABLE_STRICT_OBJC_MSGSEND = YES;
				GCC_C_LANGUAGE_STANDARD = gnu99;
				GCC_NO_COMMON_BLOCKS = YES;
				GCC_WARN_64_TO_32_BIT_CONVERSION = YES;
				GCC_WARN_ABOUT_RETURN_TYPE = YES_ERROR;
				GCC_WARN_UNDECLARED_SELECTOR = YES;
				GCC_WARN_UNINITIALIZED_AUTOS = YES_AGGRESSIVE;
				GCC_WARN_UNUSED_FUNCTION = YES;
				GCC_WARN_UNUSED_VARIABLE = YES;
				IPHONEOS_DEPLOYMENT_TARGET = 9.2;
				MTL_ENABLE_DEBUG_INFO = NO;
				SDKROOT = iphoneos;
				TARGETED_DEVICE_FAMILY = "1,2";
				VALIDATE_PRODUCT = YES;
			};
			name = Release;
		};
		C1FE531B1C5E327900604036 /* Debug */ = {
			isa = XCBuildConfiguration;
			buildSettings = {
				ASSETCATALOG_COMPILER_APPICON_NAME = AppIcon;
				INFOPLIST_FILE = BMI/Info.plist;
				LD_RUNPATH_SEARCH_PATHS = "$(inherited) @executable_path/Frameworks";
				PRODUCT_BUNDLE_IDENTIFIER = House.BMI;
				PRODUCT_NAME = "$(TARGET_NAME)";
			};
			name = Debug;
		};
		C1FE531C1C5E327900604036 /* Release */ = {
			isa = XCBuildConfiguration;
			buildSettings = {
				ASSETCATALOG_COMPILER_APPICON_NAME = AppIcon;
				INFOPLIST_FILE = BMI/Info.plist;
				LD_RUNPATH_SEARCH_PATHS = "$(inherited) @executable_path/Frameworks";
				PRODUCT_BUNDLE_IDENTIFIER = House.BMI;
				PRODUCT_NAME = "$(TARGET_NAME)";
			};
			name = Release;
		};
		C1FE531E1C5E327900604036 /* Debug */ = {
			isa = XCBuildConfiguration;
			buildSettings = {
				BUNDLE_LOADER = "$(TEST_HOST)";
				INFOPLIST_FILE = BMITests/Info.plist;
				LD_RUNPATH_SEARCH_PATHS = "$(inherited) @executable_path/Frameworks @loader_path/Frameworks";
				PRODUCT_BUNDLE_IDENTIFIER = House.BMITests;
				PRODUCT_NAME = "$(TARGET_NAME)";
				TEST_HOST = "$(BUILT_PRODUCTS_DIR)/BMI.app/BMI";
			};
			name = Debug;
		};
		C1FE531F1C5E327900604036 /* Release */ = {
			isa = XCBuildConfiguration;
			buildSettings = {
				BUNDLE_LOADER = "$(TEST_HOST)";
				INFOPLIST_FILE = BMITests/Info.plist;
				LD_RUNPATH_SEARCH_PATHS = "$(inherited) @executable_path/Frameworks @loader_path/Frameworks";
				PRODUCT_BUNDLE_IDENTIFIER = House.BMITests;
				PRODUCT_NAME = "$(TARGET_NAME)";
				TEST_HOST = "$(BUILT_PRODUCTS_DIR)/BMI.app/BMI";
			};
			name = Release;
		};
		C1FE53211C5E327900604036 /* Debug */ = {
			isa = XCBuildConfiguration;
			buildSettings = {
				INFOPLIST_FILE = BMIUITests/Info.plist;
				LD_RUNPATH_SEARCH_PATHS = "$(inherited) @executable_path/Frameworks @loader_path/Frameworks";
				PRODUCT_BUNDLE_IDENTIFIER = House.BMIUITests;
				PRODUCT_NAME = "$(TARGET_NAME)";
				TEST_TARGET_NAME = BMI;
				USES_XCTRUNNER = YES;
			};
			name = Debug;
		};
		C1FE53221C5E327900604036 /* Release */ = {
			isa = XCBuildConfiguration;
			buildSettings = {
				INFOPLIST_FILE = BMIUITests/Info.plist;
				LD_RUNPATH_SEARCH_PATHS = "$(inherited) @executable_path/Frameworks @loader_path/Frameworks";
				PRODUCT_BUNDLE_IDENTIFIER = House.BMIUITests;
				PRODUCT_NAME = "$(TARGET_NAME)";
				TEST_TARGET_NAME = BMI;
				USES_XCTRUNNER = YES;
			};
			name = Release;
		};
/* End XCBuildConfiguration section */

/* Begin XCConfigurationList section */
		C1FE52ED1C5E327900604036 /* Build configuration list for PBXProject "BMI" */ = {
			isa = XCConfigurationList;
			buildConfigurations = (
				C1FE53181C5E327900604036 /* Debug */,
				C1FE53191C5E327900604036 /* Release */,
			);
			defaultConfigurationIsVisible = 0;
			defaultConfigurationName = Release;
		};
		C1FE531A1C5E327900604036 /* Build configuration list for PBXNativeTarget "BMI" */ = {
			isa = XCConfigurationList;
			buildConfigurations = (
				C1FE531B1C5E327900604036 /* Debug */,
				C1FE531C1C5E327900604036 /* Release */,
			);
			defaultConfigurationIsVisible = 0;
		};
		C1FE531D1C5E327900604036 /* Build configuration list for PBXNativeTarget "BMITests" */ = {
			isa = XCConfigurationList;
			buildConfigurations = (
				C1FE531E1C5E327900604036 /* Debug */,
				C1FE531F1C5E327900604036 /* Release */,
			);
			defaultConfigurationIsVisible = 0;
		};
		C1FE53201C5E327900604036 /* Build configuration list for PBXNativeTarget "BMIUITests" */ = {
			isa = XCConfigurationList;
			buildConfigurations = (
				C1FE53211C5E327900604036 /* Debug */,
				C1FE53221C5E327900604036 /* Release */,
			);
			defaultConfigurationIsVisible = 0;
		};
/* End XCConfigurationList section */
	};
	rootObject = C1FE52EA1C5E327900604036 /* Project object */;
}
